
Microsoft Visual Studio Solution File, Format Version 12.00
# Visual Studio 15
VisualStudioVersion = 15.0.28010.2016
MinimumVisualStudioVersion = 10.0.40219.1
Project("{FAE04EC0-301F-11D3-BF4B-00C04F79EFBC}") = "JpCrosswordSolverUI", "JpCrosswordSolverUI\JpCrosswordSolverUI.csproj", "{93701D63-2FAC-485A-B17D-92F98FE0D68A}"
EndProject
Project("{FAE04EC0-301F-11D3-BF4B-00C04F79EFBC}") = "JaJpSolver", "JaJpSolver\JaJpSolver.csproj", "{78DC502A-0C88-4DFA-A6CB-C78649E7A0AE}"
EndProject
Project("{FAE04EC0-301F-11D3-BF4B-00C04F79EFBC}") = "JaJpSolverTests", "JaJpSolverTests\JaJpSolverTests.csproj", "{6442CC3F-66C1-4E0F-8247-B8CD3A98CCB6}"
EndProject
Global
	GlobalSection(SolutionConfigurationPlatforms) = preSolution
		Debug|x64 = Debug|x64
		Release|x64 = Release|x64
	EndGlobalSection
	GlobalSection(ProjectConfigurationPlatforms) = postSolution
		{93701D63-2FAC-485A-B17D-92F98FE0D68A}.Debug|x64.ActiveCfg = Debug|x64
		{93701D63-2FAC-485A-B17D-92F98FE0D68A}.Debug|x64.Build.0 = Debug|x64
		{93701D63-2FAC-485A-B17D-92F98FE0D68A}.Release|x64.ActiveCfg = Release|x64
		{93701D63-2FAC-485A-B17D-92F98FE0D68A}.Release|x64.Build.0 = Release|x64
		{78DC502A-0C88-4DFA-A6CB-C78649E7A0AE}.Debug|x64.ActiveCfg = Debug|x64
		{78DC502A-0C88-4DFA-A6CB-C78649E7A0AE}.Debug|x64.Build.0 = Debug|x64
		{78DC502A-0C88-4DFA-A6CB-C78649E7A0AE}.Release|x64.ActiveCfg = Release|x64
		{78DC502A-0C88-4DFA-A6CB-C78649E7A0AE}.Release|x64.Build.0 = Release|x64
		{6442CC3F-66C1-4E0F-8247-B8CD3A98CCB6}.Debug|x64.ActiveCfg = Debug|x64
		{6442CC3F-66C1-4E0F-8247-B8CD3A98CCB6}.Debug|x64.Build.0 = Debug|x64
		{6442CC3F-66C1-4E0F-8247-B8CD3A98CCB6}.Release|x64.ActiveCfg = Release|x64
		{6442CC3F-66C1-4E0F-8247-B8CD3A98CCB6}.Release|x64.Build.0 = Release|x64
	EndGlobalSection
	GlobalSection(SolutionProperties) = preSolution
		HideSolutionNode = FALSE
	EndGlobalSection
	GlobalSection(ExtensibilityGlobals) = postSolution
		SolutionGuid = {F01004F1-9101-4006-8EF6-B83B821937D4}
	EndGlobalSection
EndGlobal
